
Microsoft Visual Studio Solution File, Format Version 12.00
# Visual Studio Version 16
VisualStudioVersion = 16.0.31624.102
MinimumVisualStudioVersion = 10.0.40219.1
Project("{9A19103F-16F7-4668-BE54-9A1E7A4F7556}") = "TestProject_1", "TestProject_1.csproj", "{5CEAA484-3508-4CAC-A951-FA9A4FB43291}"
EndProject
Project("{9A19103F-16F7-4668-BE54-9A1E7A4F7556}") = "PredicatesWithClasses", "PredicatesWithClasses\PredicatesWithClasses.csproj", "{26836999-A570-4710-9952-F9B45270A995}"
EndProject
Project("{9A19103F-16F7-4668-BE54-9A1E7A4F7556}") = "Predicates", "Predicates\Predicates.csproj", "{B1949C97-5A62-44FF-8137-8454EC3E69B2}"
EndProject
Project("{9A19103F-16F7-4668-BE54-9A1E7A4F7556}") = "FilterChallenge", "FilterChallenge\FilterChallenge.csproj", "{719C83D8-E0B2-4D28-8FE7-5BA7DC37D462}"
EndProject
Project("{FAE04EC0-301F-11D3-BF4B-00C04F79EFBC}") = "LambdaExpressions", "LambdaExpressions\LambdaExpressions.csproj", "{97317391-812A-4920-967A-329C30AFD57F}"
EndProject
Project("{FAE04EC0-301F-11D3-BF4B-00C04F79EFBC}") = "FigureCalculator", "FigureCalculator\FigureCalculator.csproj", "{45106AC8-4CD3-4B38-846C-F540D8338133}"
EndProject
Global
	GlobalSection(SolutionConfigurationPlatforms) = preSolution
		Debug|Any CPU = Debug|Any CPU
		Release|Any CPU = Release|Any CPU
	EndGlobalSection
	GlobalSection(ProjectConfigurationPlatforms) = postSolution
		{5CEAA484-3508-4CAC-A951-FA9A4FB43291}.Debug|Any CPU.ActiveCfg = Debug|Any CPU
		{5CEAA484-3508-4CAC-A951-FA9A4FB43291}.Debug|Any CPU.Build.0 = Debug|Any CPU
		{5CEAA484-3508-4CAC-A951-FA9A4FB43291}.Release|Any CPU.ActiveCfg = Release|Any CPU
		{5CEAA484-3508-4CAC-A951-FA9A4FB43291}.Release|Any CPU.Build.0 = Release|Any CPU
		{26836999-A570-4710-9952-F9B45270A995}.Debug|Any CPU.ActiveCfg = Debug|Any CPU
		{26836999-A570-4710-9952-F9B45270A995}.Debug|Any CPU.Build.0 = Debug|Any CPU
		{26836999-A570-4710-9952-F9B45270A995}.Release|Any CPU.ActiveCfg = Release|Any CPU
		{26836999-A570-4710-9952-F9B45270A995}.Release|Any CPU.Build.0 = Release|Any CPU
		{B1949C97-5A62-44FF-8137-8454EC3E69B2}.Debug|Any CPU.ActiveCfg = Debug|Any CPU
		{B1949C97-5A62-44FF-8137-8454EC3E69B2}.Debug|Any CPU.Build.0 = Debug|Any CPU
		{B1949C97-5A62-44FF-8137-8454EC3E69B2}.Release|Any CPU.ActiveCfg = Release|Any CPU
		{B1949C97-5A62-44FF-8137-8454EC3E69B2}.Release|Any CPU.Build.0 = Release|Any CPU
		{719C83D8-E0B2-4D28-8FE7-5BA7DC37D462}.Debug|Any CPU.ActiveCfg = Debug|Any CPU
		{719C83D8-E0B2-4D28-8FE7-5BA7DC37D462}.Debug|Any CPU.Build.0 = Debug|Any CPU
		{719C83D8-E0B2-4D28-8FE7-5BA7DC37D462}.Release|Any CPU.ActiveCfg = Release|Any CPU
		{719C83D8-E0B2-4D28-8FE7-5BA7DC37D462}.Release|Any CPU.Build.0 = Release|Any CPU
		{97317391-812A-4920-967A-329C30AFD57F}.Debug|Any CPU.ActiveCfg = Debug|Any CPU
		{97317391-812A-4920-967A-329C30AFD57F}.Debug|Any CPU.Build.0 = Debug|Any CPU
		{97317391-812A-4920-967A-329C30AFD57F}.Release|Any CPU.ActiveCfg = Release|Any CPU
		{97317391-812A-4920-967A-329C30AFD57F}.Release|Any CPU.Build.0 = Release|Any CPU
		{45106AC8-4CD3-4B38-846C-F540D8338133}.Debug|Any CPU.ActiveCfg = Debug|Any CPU
		{45106AC8-4CD3-4B38-846C-F540D8338133}.Debug|Any CPU.Build.0 = Debug|Any CPU
		{45106AC8-4CD3-4B38-846C-F540D8338133}.Release|Any CPU.ActiveCfg = Release|Any CPU
		{45106AC8-4CD3-4B38-846C-F540D8338133}.Release|Any CPU.Build.0 = Release|Any CPU
	EndGlobalSection
	GlobalSection(SolutionProperties) = preSolution
		HideSolutionNode = FALSE
	EndGlobalSection
	GlobalSection(ExtensibilityGlobals) = postSolution
		SolutionGuid = {0BFA550C-CFBF-40CD-9CCF-E5590513B544}
	EndGlobalSection
EndGlobal
