
Microsoft Visual Studio Solution File, Format Version 12.00
# Visual Studio Version 16
VisualStudioVersion = 16.0.31624.102
MinimumVisualStudioVersion = 10.0.40219.1
Project("{9A19103F-16F7-4668-BE54-9A1E7A4F7556}") = "TestProject_1", "TestProject_1.csproj", "{5CEAA484-3508-4CAC-A951-FA9A4FB43291}"
EndProject
Project("{9A19103F-16F7-4668-BE54-9A1E7A4F7556}") = "PredicatesWithClasses", "PredicatesWithClasses\PredicatesWithClasses.csproj", "{26836999-A570-4710-9952-F9B45270A995}"
EndProject
Project("{9A19103F-16F7-4668-BE54-9A1E7A4F7556}") = "Predicates", "Predicates\Predicates.csproj", "{B1949C97-5A62-44FF-8137-8454EC3E69B2}"
EndProject
Project("{9A19103F-16F7-4668-BE54-9A1E7A4F7556}") = "FilterChallenge", "FilterChallenge\FilterChallenge.csproj", "{719C83D8-E0B2-4D28-8FE7-5BA7DC37D462}"
EndProject
Project("{9A19103F-16F7-4668-BE54-9A1E7A4F7556}") = "LambdaExpressions", "LambdaExpressions\LambdaExpressions.csproj", "{97317391-812A-4920-967A-329C30AFD57F}"
EndProject
Project("{9A19103F-16F7-4668-BE54-9A1E7A4F7556}") = "FigureCalculator", "FigureCalculator\FigureCalculator.csproj", "{45106AC8-4CD3-4B38-846C-F540D8338133}"
EndProject
Project("{9A19103F-16F7-4668-BE54-9A1E7A4F7556}") = "RegularExpressions", "RegularExpressions\RegularExpressions.csproj", "{E370C85E-E69E-499C-95D1-CA41FBD13754}"
EndProject
Project("{9A19103F-16F7-4668-BE54-9A1E7A4F7556}") = "AsyncProgramming", "AsyncProgramming\AsyncProgramming.csproj", "{656672A8-69C8-4E32-8DBB-AE6821FD87B1}"
EndProject
Project("{9A19103F-16F7-4668-BE54-9A1E7A4F7556}") = "ReminderChallenge", "ReminderChallenge\ReminderChallenge.csproj", "{0A1CB561-793F-41C9-A67F-1D60FB159F09}"
EndProject
Project("{9A19103F-16F7-4668-BE54-9A1E7A4F7556}") = "ParallelismChallenge", "ParallelismChallenge\ParallelismChallenge.csproj", "{87D45BD9-2D2B-4F97-BD5C-3FBC29B5C259}"
EndProject
Project("{9A19103F-16F7-4668-BE54-9A1E7A4F7556}") = "POO", "POO\POO.csproj", "{9A2E2633-9470-4793-88C5-B0626B9BE887}"
EndProject
Project("{9A19103F-16F7-4668-BE54-9A1E7A4F7556}") = "BankApp", "BankApp\BankApp.csproj", "{D488EAB4-F50C-4576-8D5E-B92122A5E272}"
EndProject
Project("{9A19103F-16F7-4668-BE54-9A1E7A4F7556}") = "EmployeeControl", "EmployeeControl\EmployeeControl.csproj", "{56E7E517-DFBE-4C1C-9323-71E32DB4DEE7}"
EndProject
Project("{9A19103F-16F7-4668-BE54-9A1E7A4F7556}") = "LINQ", "LINQ\LINQ.csproj", "{7DF98238-94A7-4E45-9AF4-4639A2994751}"
EndProject
Project("{9A19103F-16F7-4668-BE54-9A1E7A4F7556}") = "LINQExercise", "LINQExercise\LINQExercise.csproj", "{D83FE206-8EC4-4DDC-BB2C-EC162F654A11}"
EndProject
Project("{FAE04EC0-301F-11D3-BF4B-00C04F79EFBC}") = "LINQExercise_2", "LINQExercise_2\LINQExercise_2.csproj", "{EADF6E56-7907-451E-8C72-CE76BCCDAA33}"
EndProject
Project("{2150E333-8FDC-42A3-9474-1A3956D46DE8}") = "eShop", "eShop", "{D6610C03-9CFC-4354-A857-C518A3425F70}"
EndProject
Project("{FAE04EC0-301F-11D3-BF4B-00C04F79EFBC}") = "Data", "eShop\Data\Data.csproj", "{D3FFC2D2-6992-40B0-B911-12437A52219F}"
EndProject
Project("{FAE04EC0-301F-11D3-BF4B-00C04F79EFBC}") = "Business", "eShop\Business\Business.csproj", "{FF7E30FE-E74C-40B0-BC76-C76B4843334F}"
	ProjectSection(ProjectDependencies) = postProject
		{D3FFC2D2-6992-40B0-B911-12437A52219F} = {D3FFC2D2-6992-40B0-B911-12437A52219F}
	EndProjectSection
EndProject
Project("{FAE04EC0-301F-11D3-BF4B-00C04F79EFBC}") = "eShop", "eShop\eShop\eShop.csproj", "{8F524FE8-95CE-4640-8678-897C2C89BB5B}"
	ProjectSection(ProjectDependencies) = postProject
		{D3FFC2D2-6992-40B0-B911-12437A52219F} = {D3FFC2D2-6992-40B0-B911-12437A52219F}
		{FF7E30FE-E74C-40B0-BC76-C76B4843334F} = {FF7E30FE-E74C-40B0-BC76-C76B4843334F}
	EndProjectSection
EndProject
Global
	GlobalSection(SolutionConfigurationPlatforms) = preSolution
		Debug|Any CPU = Debug|Any CPU
		Release|Any CPU = Release|Any CPU
	EndGlobalSection
	GlobalSection(ProjectConfigurationPlatforms) = postSolution
		{5CEAA484-3508-4CAC-A951-FA9A4FB43291}.Debug|Any CPU.ActiveCfg = Debug|Any CPU
		{5CEAA484-3508-4CAC-A951-FA9A4FB43291}.Debug|Any CPU.Build.0 = Debug|Any CPU
		{5CEAA484-3508-4CAC-A951-FA9A4FB43291}.Release|Any CPU.ActiveCfg = Release|Any CPU
		{5CEAA484-3508-4CAC-A951-FA9A4FB43291}.Release|Any CPU.Build.0 = Release|Any CPU
		{26836999-A570-4710-9952-F9B45270A995}.Debug|Any CPU.ActiveCfg = Debug|Any CPU
		{26836999-A570-4710-9952-F9B45270A995}.Debug|Any CPU.Build.0 = Debug|Any CPU
		{26836999-A570-4710-9952-F9B45270A995}.Release|Any CPU.ActiveCfg = Release|Any CPU
		{26836999-A570-4710-9952-F9B45270A995}.Release|Any CPU.Build.0 = Release|Any CPU
		{B1949C97-5A62-44FF-8137-8454EC3E69B2}.Debug|Any CPU.ActiveCfg = Debug|Any CPU
		{B1949C97-5A62-44FF-8137-8454EC3E69B2}.Debug|Any CPU.Build.0 = Debug|Any CPU
		{B1949C97-5A62-44FF-8137-8454EC3E69B2}.Release|Any CPU.ActiveCfg = Release|Any CPU
		{B1949C97-5A62-44FF-8137-8454EC3E69B2}.Release|Any CPU.Build.0 = Release|Any CPU
		{719C83D8-E0B2-4D28-8FE7-5BA7DC37D462}.Debug|Any CPU.ActiveCfg = Debug|Any CPU
		{719C83D8-E0B2-4D28-8FE7-5BA7DC37D462}.Debug|Any CPU.Build.0 = Debug|Any CPU
		{719C83D8-E0B2-4D28-8FE7-5BA7DC37D462}.Release|Any CPU.ActiveCfg = Release|Any CPU
		{719C83D8-E0B2-4D28-8FE7-5BA7DC37D462}.Release|Any CPU.Build.0 = Release|Any CPU
		{97317391-812A-4920-967A-329C30AFD57F}.Debug|Any CPU.ActiveCfg = Debug|Any CPU
		{97317391-812A-4920-967A-329C30AFD57F}.Debug|Any CPU.Build.0 = Debug|Any CPU
		{97317391-812A-4920-967A-329C30AFD57F}.Release|Any CPU.ActiveCfg = Release|Any CPU
		{97317391-812A-4920-967A-329C30AFD57F}.Release|Any CPU.Build.0 = Release|Any CPU
		{45106AC8-4CD3-4B38-846C-F540D8338133}.Debug|Any CPU.ActiveCfg = Debug|Any CPU
		{45106AC8-4CD3-4B38-846C-F540D8338133}.Debug|Any CPU.Build.0 = Debug|Any CPU
		{45106AC8-4CD3-4B38-846C-F540D8338133}.Release|Any CPU.ActiveCfg = Release|Any CPU
		{45106AC8-4CD3-4B38-846C-F540D8338133}.Release|Any CPU.Build.0 = Release|Any CPU
		{E370C85E-E69E-499C-95D1-CA41FBD13754}.Debug|Any CPU.ActiveCfg = Debug|Any CPU
		{E370C85E-E69E-499C-95D1-CA41FBD13754}.Debug|Any CPU.Build.0 = Debug|Any CPU
		{E370C85E-E69E-499C-95D1-CA41FBD13754}.Release|Any CPU.ActiveCfg = Release|Any CPU
		{E370C85E-E69E-499C-95D1-CA41FBD13754}.Release|Any CPU.Build.0 = Release|Any CPU
		{656672A8-69C8-4E32-8DBB-AE6821FD87B1}.Debug|Any CPU.ActiveCfg = Debug|Any CPU
		{656672A8-69C8-4E32-8DBB-AE6821FD87B1}.Debug|Any CPU.Build.0 = Debug|Any CPU
		{656672A8-69C8-4E32-8DBB-AE6821FD87B1}.Release|Any CPU.ActiveCfg = Release|Any CPU
		{656672A8-69C8-4E32-8DBB-AE6821FD87B1}.Release|Any CPU.Build.0 = Release|Any CPU
		{0A1CB561-793F-41C9-A67F-1D60FB159F09}.Debug|Any CPU.ActiveCfg = Debug|Any CPU
		{0A1CB561-793F-41C9-A67F-1D60FB159F09}.Debug|Any CPU.Build.0 = Debug|Any CPU
		{0A1CB561-793F-41C9-A67F-1D60FB159F09}.Release|Any CPU.ActiveCfg = Release|Any CPU
		{0A1CB561-793F-41C9-A67F-1D60FB159F09}.Release|Any CPU.Build.0 = Release|Any CPU
		{87D45BD9-2D2B-4F97-BD5C-3FBC29B5C259}.Debug|Any CPU.ActiveCfg = Debug|Any CPU
		{87D45BD9-2D2B-4F97-BD5C-3FBC29B5C259}.Debug|Any CPU.Build.0 = Debug|Any CPU
		{87D45BD9-2D2B-4F97-BD5C-3FBC29B5C259}.Release|Any CPU.ActiveCfg = Release|Any CPU
		{87D45BD9-2D2B-4F97-BD5C-3FBC29B5C259}.Release|Any CPU.Build.0 = Release|Any CPU
		{9A2E2633-9470-4793-88C5-B0626B9BE887}.Debug|Any CPU.ActiveCfg = Debug|Any CPU
		{9A2E2633-9470-4793-88C5-B0626B9BE887}.Debug|Any CPU.Build.0 = Debug|Any CPU
		{9A2E2633-9470-4793-88C5-B0626B9BE887}.Release|Any CPU.ActiveCfg = Release|Any CPU
		{9A2E2633-9470-4793-88C5-B0626B9BE887}.Release|Any CPU.Build.0 = Release|Any CPU
		{D488EAB4-F50C-4576-8D5E-B92122A5E272}.Debug|Any CPU.ActiveCfg = Debug|Any CPU
		{D488EAB4-F50C-4576-8D5E-B92122A5E272}.Debug|Any CPU.Build.0 = Debug|Any CPU
		{D488EAB4-F50C-4576-8D5E-B92122A5E272}.Release|Any CPU.ActiveCfg = Release|Any CPU
		{D488EAB4-F50C-4576-8D5E-B92122A5E272}.Release|Any CPU.Build.0 = Release|Any CPU
		{56E7E517-DFBE-4C1C-9323-71E32DB4DEE7}.Debug|Any CPU.ActiveCfg = Debug|Any CPU
		{56E7E517-DFBE-4C1C-9323-71E32DB4DEE7}.Debug|Any CPU.Build.0 = Debug|Any CPU
		{56E7E517-DFBE-4C1C-9323-71E32DB4DEE7}.Release|Any CPU.ActiveCfg = Release|Any CPU
		{56E7E517-DFBE-4C1C-9323-71E32DB4DEE7}.Release|Any CPU.Build.0 = Release|Any CPU
		{7DF98238-94A7-4E45-9AF4-4639A2994751}.Debug|Any CPU.ActiveCfg = Debug|Any CPU
		{7DF98238-94A7-4E45-9AF4-4639A2994751}.Debug|Any CPU.Build.0 = Debug|Any CPU
		{7DF98238-94A7-4E45-9AF4-4639A2994751}.Release|Any CPU.ActiveCfg = Release|Any CPU
		{7DF98238-94A7-4E45-9AF4-4639A2994751}.Release|Any CPU.Build.0 = Release|Any CPU
		{D83FE206-8EC4-4DDC-BB2C-EC162F654A11}.Debug|Any CPU.ActiveCfg = Debug|Any CPU
		{D83FE206-8EC4-4DDC-BB2C-EC162F654A11}.Debug|Any CPU.Build.0 = Debug|Any CPU
		{D83FE206-8EC4-4DDC-BB2C-EC162F654A11}.Release|Any CPU.ActiveCfg = Release|Any CPU
		{D83FE206-8EC4-4DDC-BB2C-EC162F654A11}.Release|Any CPU.Build.0 = Release|Any CPU
		{EADF6E56-7907-451E-8C72-CE76BCCDAA33}.Debug|Any CPU.ActiveCfg = Debug|Any CPU
		{EADF6E56-7907-451E-8C72-CE76BCCDAA33}.Debug|Any CPU.Build.0 = Debug|Any CPU
		{EADF6E56-7907-451E-8C72-CE76BCCDAA33}.Release|Any CPU.ActiveCfg = Release|Any CPU
		{EADF6E56-7907-451E-8C72-CE76BCCDAA33}.Release|Any CPU.Build.0 = Release|Any CPU
		{D3FFC2D2-6992-40B0-B911-12437A52219F}.Debug|Any CPU.ActiveCfg = Debug|Any CPU
		{D3FFC2D2-6992-40B0-B911-12437A52219F}.Debug|Any CPU.Build.0 = Debug|Any CPU
		{D3FFC2D2-6992-40B0-B911-12437A52219F}.Release|Any CPU.ActiveCfg = Release|Any CPU
		{D3FFC2D2-6992-40B0-B911-12437A52219F}.Release|Any CPU.Build.0 = Release|Any CPU
		{FF7E30FE-E74C-40B0-BC76-C76B4843334F}.Debug|Any CPU.ActiveCfg = Debug|Any CPU
		{FF7E30FE-E74C-40B0-BC76-C76B4843334F}.Debug|Any CPU.Build.0 = Debug|Any CPU
		{FF7E30FE-E74C-40B0-BC76-C76B4843334F}.Release|Any CPU.ActiveCfg = Release|Any CPU
		{FF7E30FE-E74C-40B0-BC76-C76B4843334F}.Release|Any CPU.Build.0 = Release|Any CPU
		{8F524FE8-95CE-4640-8678-897C2C89BB5B}.Debug|Any CPU.ActiveCfg = Debug|Any CPU
		{8F524FE8-95CE-4640-8678-897C2C89BB5B}.Debug|Any CPU.Build.0 = Debug|Any CPU
		{8F524FE8-95CE-4640-8678-897C2C89BB5B}.Release|Any CPU.ActiveCfg = Release|Any CPU
		{8F524FE8-95CE-4640-8678-897C2C89BB5B}.Release|Any CPU.Build.0 = Release|Any CPU
	EndGlobalSection
	GlobalSection(SolutionProperties) = preSolution
		HideSolutionNode = FALSE
	EndGlobalSection
	GlobalSection(NestedProjects) = preSolution
		{D3FFC2D2-6992-40B0-B911-12437A52219F} = {D6610C03-9CFC-4354-A857-C518A3425F70}
		{FF7E30FE-E74C-40B0-BC76-C76B4843334F} = {D6610C03-9CFC-4354-A857-C518A3425F70}
		{8F524FE8-95CE-4640-8678-897C2C89BB5B} = {D6610C03-9CFC-4354-A857-C518A3425F70}
	EndGlobalSection
	GlobalSection(ExtensibilityGlobals) = postSolution
		SolutionGuid = {0BFA550C-CFBF-40CD-9CCF-E5590513B544}
	EndGlobalSection
EndGlobal
